
Microsoft Visual Studio Solution File, Format Version 11.00
# Visual Studio 2010
Project("{FAE04EC0-301F-11D3-BF4B-00C04F79EFBC}") = "Black Roger Service", "Black Roger Service\Black Roger Service.csproj", "{B1C4550E-15EE-4329-9C84-D29EE3D0A081}"
EndProject
Project("{FAE04EC0-301F-11D3-BF4B-00C04F79EFBC}") = "ConsoleService", "ConsoleApplication1\ConsoleService.csproj", "{7FA92701-D5BF-4156-A415-093F216AD138}"
EndProject
Project("{FAE04EC0-301F-11D3-BF4B-00C04F79EFBC}") = "Launcher", "Launcher\Launcher.csproj", "{39BBA5BE-C198-4A65-B320-5158FF2B379C}"
EndProject
Global
	GlobalSection(SolutionConfigurationPlatforms) = preSolution
		Debug|x86 = Debug|x86
		Release|x86 = Release|x86
	EndGlobalSection
	GlobalSection(ProjectConfigurationPlatforms) = postSolution
		{B1C4550E-15EE-4329-9C84-D29EE3D0A081}.Debug|x86.ActiveCfg = Debug|x86
		{B1C4550E-15EE-4329-9C84-D29EE3D0A081}.Debug|x86.Build.0 = Debug|x86
		{B1C4550E-15EE-4329-9C84-D29EE3D0A081}.Release|x86.ActiveCfg = Release|x86
		{B1C4550E-15EE-4329-9C84-D29EE3D0A081}.Release|x86.Build.0 = Release|x86
		{7FA92701-D5BF-4156-A415-093F216AD138}.Debug|x86.ActiveCfg = Debug|x86
		{7FA92701-D5BF-4156-A415-093F216AD138}.Debug|x86.Build.0 = Debug|x86
		{7FA92701-D5BF-4156-A415-093F216AD138}.Release|x86.ActiveCfg = Release|x86
		{7FA92701-D5BF-4156-A415-093F216AD138}.Release|x86.Build.0 = Release|x86
		{39BBA5BE-C198-4A65-B320-5158FF2B379C}.Debug|x86.ActiveCfg = Debug|x86
		{39BBA5BE-C198-4A65-B320-5158FF2B379C}.Debug|x86.Build.0 = Debug|x86
		{39BBA5BE-C198-4A65-B320-5158FF2B379C}.Release|x86.ActiveCfg = Release|x86
		{39BBA5BE-C198-4A65-B320-5158FF2B379C}.Release|x86.Build.0 = Release|x86
	EndGlobalSection
	GlobalSection(SolutionProperties) = preSolution
		HideSolutionNode = FALSE
	EndGlobalSection
EndGlobal
